github.com/DataDog/websites-modules v1.4.153 h1:GU+HGSCBXpMiFnSmWg7kEOp7kTHDhJZR8EtWWShZI3s=
github.com/DataDog/websites-modules v1.4.153/go.mod h1:CcQxAmCXoiFr3hNw6Q+1si65C3uOP1gB+7aX4S3h+CQ=
github.com/DataDog/websites-sources v0.0.0-20240614191258-cd20a87ee31d h1:wQxtFaXlfXsybXBbBfx9HZkvXWeYyjvTxsaYkDVDtQ8=
github.com/DataDog/websites-sources v0.0.0-20240614191258-cd20a87ee31d/go.mod h1:RvGhXV0uQC6Ocs+n84QyL97kows6vg6VG5ZLQMHw4Fs=
